
Microsoft Visual Studio Solution File, Format Version 12.00
# Visual Studio Version 17
VisualStudioVersion = 17.6.33723.286
MinimumVisualStudioVersion = 10.0.40219.1
Project("{FAE04EC0-301F-11D3-BF4B-00C04F79EFBC}") = "Second lesson csh ado", "Second lesson csh ado\Second lesson csh ado.csproj", "{B4D6D681-1C86-49CE-B43E-7B308C0F5129}"
EndProject
Global
	GlobalSection(SolutionConfigurationPlatforms) = preSolution
		Debug|Any CPU = Debug|Any CPU
		Release|Any CPU = Release|Any CPU
	EndGlobalSection
	GlobalSection(ProjectConfigurationPlatforms) = postSolution
		{B4D6D681-1C86-49CE-B43E-7B308C0F5129}.Debug|Any CPU.ActiveCfg = Debug|Any CPU
		{B4D6D681-1C86-49CE-B43E-7B308C0F5129}.Debug|Any CPU.Build.0 = Debug|Any CPU
		{B4D6D681-1C86-49CE-B43E-7B308C0F5129}.Release|Any CPU.ActiveCfg = Release|Any CPU
		{B4D6D681-1C86-49CE-B43E-7B308C0F5129}.Release|Any CPU.Build.0 = Release|Any CPU
	EndGlobalSection
	GlobalSection(SolutionProperties) = preSolution
		HideSolutionNode = FALSE
	EndGlobalSection
	GlobalSection(ExtensibilityGlobals) = postSolution
		SolutionGuid = {50074411-D75B-44DB-8E6C-78B7EA311828}
	EndGlobalSection
EndGlobal
